
Microsoft Visual Studio Solution File, Format Version 12.00
# Visual Studio Version 16
VisualStudioVersion = 16.0.29306.81
MinimumVisualStudioVersion = 10.0.40219.1
Project("{9A19103F-16F7-4668-BE54-9A1E7A4F7556}") = "SchoolEntities", "SchoolEntities\SchoolEntities.csproj", "{CE8DC813-DB20-406E-A007-BA8C4A563F71}"
EndProject
Project("{9A19103F-16F7-4668-BE54-9A1E7A4F7556}") = "SchoolDataAccess", "SchoolDataAccess\SchoolDataAccess.csproj", "{E64D13BA-1F11-4A12-8861-EDB1517E624B}"
EndProject
Project("{9A19103F-16F7-4668-BE54-9A1E7A4F7556}") = "SchoolBusiness", "SchoolBusiness\SchoolBusiness.csproj", "{40A57D30-5904-4808-87A0-B8F2467FF5C4}"
EndProject
Project("{9A19103F-16F7-4668-BE54-9A1E7A4F7556}") = "SchoolCore", "SchoolCore\SchoolCore.csproj", "{A9E62063-9BA7-43BB-B53E-4F855C3D6CBA}"
EndProject
Project("{FAE04EC0-301F-11D3-BF4B-00C04F79EFBC}") = "SchoolAPI", "SchoolAPI\SchoolAPI.csproj", "{80FFE534-3219-4982-A887-98565F8EA42B}"
EndProject
Global
	GlobalSection(SolutionConfigurationPlatforms) = preSolution
		Debug|Any CPU = Debug|Any CPU
		Release|Any CPU = Release|Any CPU
	EndGlobalSection
	GlobalSection(ProjectConfigurationPlatforms) = postSolution
		{CE8DC813-DB20-406E-A007-BA8C4A563F71}.Debug|Any CPU.ActiveCfg = Debug|Any CPU
		{CE8DC813-DB20-406E-A007-BA8C4A563F71}.Debug|Any CPU.Build.0 = Debug|Any CPU
		{CE8DC813-DB20-406E-A007-BA8C4A563F71}.Release|Any CPU.ActiveCfg = Release|Any CPU
		{CE8DC813-DB20-406E-A007-BA8C4A563F71}.Release|Any CPU.Build.0 = Release|Any CPU
		{E64D13BA-1F11-4A12-8861-EDB1517E624B}.Debug|Any CPU.ActiveCfg = Debug|Any CPU
		{E64D13BA-1F11-4A12-8861-EDB1517E624B}.Debug|Any CPU.Build.0 = Debug|Any CPU
		{E64D13BA-1F11-4A12-8861-EDB1517E624B}.Release|Any CPU.ActiveCfg = Release|Any CPU
		{E64D13BA-1F11-4A12-8861-EDB1517E624B}.Release|Any CPU.Build.0 = Release|Any CPU
		{40A57D30-5904-4808-87A0-B8F2467FF5C4}.Debug|Any CPU.ActiveCfg = Debug|Any CPU
		{40A57D30-5904-4808-87A0-B8F2467FF5C4}.Debug|Any CPU.Build.0 = Debug|Any CPU
		{40A57D30-5904-4808-87A0-B8F2467FF5C4}.Release|Any CPU.ActiveCfg = Release|Any CPU
		{40A57D30-5904-4808-87A0-B8F2467FF5C4}.Release|Any CPU.Build.0 = Release|Any CPU
		{A9E62063-9BA7-43BB-B53E-4F855C3D6CBA}.Debug|Any CPU.ActiveCfg = Debug|Any CPU
		{A9E62063-9BA7-43BB-B53E-4F855C3D6CBA}.Debug|Any CPU.Build.0 = Debug|Any CPU
		{A9E62063-9BA7-43BB-B53E-4F855C3D6CBA}.Release|Any CPU.ActiveCfg = Release|Any CPU
		{A9E62063-9BA7-43BB-B53E-4F855C3D6CBA}.Release|Any CPU.Build.0 = Release|Any CPU
		{80FFE534-3219-4982-A887-98565F8EA42B}.Debug|Any CPU.ActiveCfg = Debug|Any CPU
		{80FFE534-3219-4982-A887-98565F8EA42B}.Debug|Any CPU.Build.0 = Debug|Any CPU
		{80FFE534-3219-4982-A887-98565F8EA42B}.Release|Any CPU.ActiveCfg = Release|Any CPU
		{80FFE534-3219-4982-A887-98565F8EA42B}.Release|Any CPU.Build.0 = Release|Any CPU
	EndGlobalSection
	GlobalSection(SolutionProperties) = preSolution
		HideSolutionNode = FALSE
	EndGlobalSection
	GlobalSection(ExtensibilityGlobals) = postSolution
		SolutionGuid = {24D7FCA5-48AE-46A4-9907-B2AF8A4910DF}
	EndGlobalSection
EndGlobal
